// !$*UTF8*$!
{
	archiveVersion = 1;
	classes = {
	};
	objectVersion = 50;
	objects = {

/* Begin PBXBuildFile section */
		08A79AF9264FDAC500DDC72A /* AnimalCatalogueApp.swift in Sources */ = {isa = PBXBuildFile; fileRef = 08A79AF8264FDAC500DDC72A /* AnimalCatalogueApp.swift */; };
		08A79AFB264FDAC500DDC72A /* ContentView.swift in Sources */ = {isa = PBXBuildFile; fileRef = 08A79AFA264FDAC500DDC72A /* ContentView.swift */; };
		08A79AFD264FDAC700DDC72A /* Assets.xcassets in Resources */ = {isa = PBXBuildFile; fileRef = 08A79AFC264FDAC700DDC72A /* Assets.xcassets */; };
		08A79B00264FDAC700DDC72A /* Preview Assets.xcassets in Resources */ = {isa = PBXBuildFile; fileRef = 08A79AFF264FDAC700DDC72A /* Preview Assets.xcassets */; };
		08A79B0C264FE88B00DDC72A /* Animal.swift in Sources */ = {isa = PBXBuildFile; fileRef = 08A79B0B264FE88B00DDC72A /* Animal.swift */; };
		08A79B10264FE92F00DDC72A /* AnimalView.swift in Sources */ = {isa = PBXBuildFile; fileRef = 08A79B0F264FE92F00DDC72A /* AnimalView.swift */; };
		08A79B13264FE93900DDC72A /* AnimalDetailView.swift in Sources */ = {isa = PBXBuildFile; fileRef = 08A79B12264FE93900DDC72A /* AnimalDetailView.swift */; };
		08A79B1B265021F000DDC72A /* AnimalViewModel.swift in Sources */ = {isa = PBXBuildFile; fileRef = 08A79B1A265021F000DDC72A /* AnimalViewModel.swift */; };
/* End PBXBuildFile section */

/* Begin PBXFileReference section */
		08A79AF5264FDAC500DDC72A /* AnimalCatalogue.app */ = {isa = PBXFileReference; explicitFileType = wrapper.application; includeInIndex = 0; path = AnimalCatalogue.app; sourceTree = BUILT_PRODUCTS_DIR; };
		08A79AF8264FDAC500DDC72A /* AnimalCatalogueApp.swift */ = {isa = PBXFileReference; lastKnownFileType = sourcecode.swift; path = AnimalCatalogueApp.swift; sourceTree = "<group>"; };
		08A79AFA264FDAC500DDC72A /* ContentView.swift */ = {isa = PBXFileReference; lastKnownFileType = sourcecode.swift; path = ContentView.swift; sourceTree = "<group>"; };
		08A79AFC264FDAC700DDC72A /* Assets.xcassets */ = {isa = PBXFileReference; lastKnownFileType = folder.assetcatalog; path = Assets.xcassets; sourceTree = "<group>"; };
		08A79AFF264FDAC700DDC72A /* Preview Assets.xcassets */ = {isa = PBXFileReference; lastKnownFileType = folder.assetcatalog; path = "Preview Assets.xcassets"; sourceTree = "<group>"; };
		08A79B01264FDAC700DDC72A /* Info.plist */ = {isa = PBXFileReference; lastKnownFileType = text.plist.xml; path = Info.plist; sourceTree = "<group>"; };
		08A79B0B264FE88B00DDC72A /* Animal.swift */ = {isa = PBXFileReference; lastKnownFileType = sourcecode.swift; path = Animal.swift; sourceTree = "<group>"; };
		08A79B0F264FE92F00DDC72A /* AnimalView.swift */ = {isa = PBXFileReference; lastKnownFileType = sourcecode.swift; path = AnimalView.swift; sourceTree = "<group>"; };
		08A79B12264FE93900DDC72A /* AnimalDetailView.swift */ = {isa = PBXFileReference; lastKnownFileType = sourcecode.swift; path = AnimalDetailView.swift; sourceTree = "<group>"; };
		08A79B1A265021F000DDC72A /* AnimalViewModel.swift */ = {isa = PBXFileReference; lastKnownFileType = sourcecode.swift; path = AnimalViewModel.swift; sourceTree = "<group>"; };
/* End PBXFileReference section */

/* Begin PBXFrameworksBuildPhase section */
		08A79AF2264FDAC500DDC72A /* Frameworks */ = {
			isa = PBXFrameworksBuildPhase;
			buildActionMask = 2147483647;
			files = (
			);
			runOnlyForDeploymentPostprocessing = 0;
		};
/* End PBXFrameworksBuildPhase section */

/* Begin PBXGroup section */
		08A79AEC264FDAC500DDC72A = {
			isa = PBXGroup;
			children = (
				08A79AF7264FDAC500DDC72A /* AnimalCatalogue */,
				08A79AF6264FDAC500DDC72A /* Products */,
			);
			sourceTree = "<group>";
		};
		08A79AF6264FDAC500DDC72A /* Products */ = {
			isa = PBXGroup;
			children = (
				08A79AF5264FDAC500DDC72A /* AnimalCatalogue.app */,
			);
			name = Products;
			sourceTree = "<group>";
		};
		08A79AF7264FDAC500DDC72A /* AnimalCatalogue */ = {
			isa = PBXGroup;
			children = (
				08A79B0A264FE85600DDC72A /* View Model */,
				08A79B09264FE85000DDC72A /* View */,
				08A79B08264FE84B00DDC72A /* Model */,
				08A79AF8264FDAC500DDC72A /* AnimalCatalogueApp.swift */,
				08A79AFA264FDAC500DDC72A /* ContentView.swift */,
				08A79AFC264FDAC700DDC72A /* Assets.xcassets */,
				08A79B01264FDAC700DDC72A /* Info.plist */,
				08A79AFE264FDAC700DDC72A /* Preview Content */,
			);
			path = AnimalCatalogue;
			sourceTree = "<group>";
		};
		08A79AFE264FDAC700DDC72A /* Preview Content */ = {
			isa = PBXGroup;
			children = (
				08A79AFF264FDAC700DDC72A /* Preview Assets.xcassets */,
			);
			path = "Preview Content";
			sourceTree = "<group>";
		};
		08A79B08264FE84B00DDC72A /* Model */ = {
			isa = PBXGroup;
			children = (
				08A79B0B264FE88B00DDC72A /* Animal.swift */,
			);
			path = Model;
			sourceTree = "<group>";
		};
		08A79B09264FE85000DDC72A /* View */ = {
			isa = PBXGroup;
			children = (
				08A79B0F264FE92F00DDC72A /* AnimalView.swift */,
				08A79B12264FE93900DDC72A /* AnimalDetailView.swift */,
			);
			path = View;
			sourceTree = "<group>";
		};
		08A79B0A264FE85600DDC72A /* View Model */ = {
			isa = PBXGroup;
			children = (
				08A79B1A265021F000DDC72A /* AnimalViewModel.swift */,
			);
			path = "View Model";
			sourceTree = "<group>";
		};
/* End PBXGroup section */

/* Begin PBXNativeTarget section */
		08A79AF4264FDAC500DDC72A /* AnimalCatalogue */ = {
			isa = PBXNativeTarget;
			buildConfigurationList = 08A79B04264FDAC700DDC72A /* Build configuration list for PBXNativeTarget "AnimalCatalogue" */;
			buildPhases = (
				08A79AF1264FDAC500DDC72A /* Sources */,
				08A79AF2264FDAC500DDC72A /* Frameworks */,
				08A79AF3264FDAC500DDC72A /* Resources */,
			);
			buildRules = (
			);
			dependencies = (
			);
			name = AnimalCatalogue;
			productName = AnimalCatalogue;
			productReference = 08A79AF5264FDAC500DDC72A /* AnimalCatalogue.app */;
			productType = "com.apple.product-type.application";
		};
/* End PBXNativeTarget section */

/* Begin PBXProject section */
		08A79AED264FDAC500DDC72A /* Project object */ = {
			isa = PBXProject;
			attributes = {
				LastSwiftUpdateCheck = 1240;
				LastUpgradeCheck = 1240;
				TargetAttributes = {
					08A79AF4264FDAC500DDC72A = {
						CreatedOnToolsVersion = 12.4;
					};
				};
			};
			buildConfigurationList = 08A79AF0264FDAC500DDC72A /* Build configuration list for PBXProject "AnimalCatalogue" */;
			compatibilityVersion = "Xcode 9.3";
			developmentRegion = en;
			hasScannedForEncodings = 0;
			knownRegions = (
				en,
				Base,
			);
			mainGroup = 08A79AEC264FDAC500DDC72A;
			productRefGroup = 08A79AF6264FDAC500DDC72A /* Products */;
			projectDirPath = "";
			projectRoot = "";
			targets = (
				08A79AF4264FDAC500DDC72A /* AnimalCatalogue */,
			);
		};
/* End PBXProject section */

/* Begin PBXResourcesBuildPhase section */
		08A79AF3264FDAC500DDC72A /* Resources */ = {
			isa = PBXResourcesBuildPhase;
			buildActionMask = 2147483647;
			files = (
				08A79B00264FDAC700DDC72A /* Preview Assets.xcassets in Resources */,
				08A79AFD264FDAC700DDC72A /* Assets.xcassets in Resources */,
			);
			runOnlyForDeploymentPostprocessing = 0;
		};
/* End PBXResourcesBuildPhase section */

/* Begin PBXSourcesBuildPhase section */
		08A79AF1264FDAC500DDC72A /* Sources */ = {
			isa = PBXSourcesBuildPhase;
			buildActionMask = 2147483647;
			files = (
				08A79B10264FE92F00DDC72A /* AnimalView.swift in Sources */,
				08A79AFB264FDAC500DDC72A /* ContentView.swift in Sources */,
				08A79B1B265021F000DDC72A /* AnimalViewModel.swift in Sources */,
				08A79AF9264FDAC500DDC72A /* AnimalCatalogueApp.swift in Sources */,
				08A79B0C264FE88B00DDC72A /* Animal.swift in Sources */,
				08A79B13264FE93900DDC72A /* AnimalDetailView.swift in Sources */,
			);
			runOnlyForDeploymentPostprocessing = 0;
		};
/* End PBXSourcesBuildPhase section */

/* Begin XCBuildConfiguration section */
		08A79B02264FDAC700DDC72A /* Debug */ = {
			isa = XCBuildConfiguration;
			buildSettings = {
				ALWAYS_SEARCH_USER_PATHS = NO;
				CLANG_ANALYZER_NONNULL = YES;
				CLANG_ANALYZER_NUMBER_OBJECT_CONVERSION = YES_AGGRESSIVE;
				CLANG_CXX_LANGUAGE_STANDARD = "gnu++14";
				CLANG_CXX_LIBRARY = "libc++";
				CLANG_ENABLE_MODULES = YES;
				CLANG_ENABLE_OBJC_ARC = YES;
				CLANG_ENABLE_OBJC_WEAK = YES;
				CLANG_WARN_BLOCK_CAPTURE_AUTORELEASING = YES;
				CLANG_WARN_BOOL_CONVERSION = YES;
				CLANG_WARN_COMMA = YES;
				CLANG_WARN_CONSTANT_CONVERSION = YES;
				CLANG_WARN_DEPRECATED_OBJC_IMPLEMENTATIONS = YES;
				CLANG_WARN_DIRECT_OBJC_ISA_USAGE = YES_ERROR;
				CLANG_WARN_DOCUMENTATION_COMMENTS = YES;
				CLANG_WARN_EMPTY_BODY = YES;
				CLANG_WARN_ENUM_CONVERSION = YES;
				CLANG_WARN_INFINITE_RECURSION = YES;
				CLANG_WARN_INT_CONVERSION = YES;
				CLANG_WARN_NON_LITERAL_NULL_CONVERSION = YES;
				CLANG_WARN_OBJC_IMPLICIT_RETAIN_SELF = YES;
				CLANG_WARN_OBJC_LITERAL_CONVERSION = YES;
				CLANG_WARN_OBJC_ROOT_CLASS = YES_ERROR;
				CLANG_WARN_QUOTED_INCLUDE_IN_FRAMEWORK_HEADER = YES;
				CLANG_WARN_RANGE_LOOP_ANALYSIS = YES;
				CLANG_WARN_STRICT_PROTOTYPES = YES;
				CLANG_WARN_SUSPICIOUS_MOVE = YES;
				CLANG_WARN_UNGUARDED_AVAILABILITY = YES_AGGRESSIVE;
				CLANG_WARN_UNREACHABLE_CODE = YES;
				CLANG_WARN__DUPLICATE_METHOD_MATCH = YES;
				COPY_PHASE_STRIP = NO;
				DEBUG_INFORMATION_FORMAT = dwarf;
				ENABLE_STRICT_OBJC_MSGSEND = YES;
				ENABLE_TESTABILITY = YES;
				GCC_C_LANGUAGE_STANDARD = gnu11;
				GCC_DYNAMIC_NO_PIC = NO;
				GCC_NO_COMMON_BLOCKS = YES;
				GCC_OPTIMIZATION_LEVEL = 0;
				GCC_PREPROCESSOR_DEFINITIONS = (
					"DEBUG=1",
					"$(inherited)",
				);
				GCC_WARN_64_TO_32_BIT_CONVERSION = YES;
				GCC_WARN_ABOUT_RETURN_TYPE = YES_ERROR;
				GCC_WARN_UNDECLARED_SELECTOR = YES;
				GCC_WARN_UNINITIALIZED_AUTOS = YES_AGGRESSIVE;
				GCC_WARN_UNUSED_FUNCTION = YES;
				GCC_WARN_UNUSED_VARIABLE = YES;
				IPHONEOS_DEPLOYMENT_TARGET = 14.4;
				MTL_ENABLE_DEBUG_INFO = INCLUDE_SOURCE;
				MTL_FAST_MATH = YES;
				ONLY_ACTIVE_ARCH = YES;
				SDKROOT = iphoneos;
				SWIFT_ACTIVE_COMPILATION_CONDITIONS = DEBUG;
				SWIFT_OPTIMIZATION_LEVEL = "-Onone";
			};
			name = Debug;
		};
		08A79B03264FDAC700DDC72A /* Release */ = {
			isa = XCBuildConfiguration;
			buildSettings = {
				ALWAYS_SEARCH_USER_PATHS = NO;
				CLANG_ANALYZER_NONNULL = YES;
				CLANG_ANALYZER_NUMBER_OBJECT_CONVERSION = YES_AGGRESSIVE;
				CLANG_CXX_LANGUAGE_STANDARD = "gnu++14";
				CLANG_CXX_LIBRARY = "libc++";
				CLANG_ENABLE_MODULES = YES;
				CLANG_ENABLE_OBJC_ARC = YES;
				CLANG_ENABLE_OBJC_WEAK = YES;
				CLANG_WARN_BLOCK_CAPTURE_AUTORELEASING = YES;
				CLANG_WARN_BOOL_CONVERSION = YES;
				CLANG_WARN_COMMA = YES;
				CLANG_WARN_CONSTANT_CONVERSION = YES;
				CLANG_WARN_DEPRECATED_OBJC_IMPLEMENTATIONS = YES;
				CLANG_WARN_DIRECT_OBJC_ISA_USAGE = YES_ERROR;
				CLANG_WARN_DOCUMENTATION_COMMENTS = YES;
				CLANG_WARN_EMPTY_BODY = YES;
				CLANG_WARN_ENUM_CONVERSION = YES;
				CLANG_WARN_INFINITE_RECURSION = YES;
				CLANG_WARN_INT_CONVERSION = YES;
				CLANG_WARN_NON_LITERAL_NULL_CONVERSION = YES;
				CLANG_WARN_OBJC_IMPLICIT_RETAIN_SELF = YES;
				CLANG_WARN_OBJC_LITERAL_CONVERSION = YES;
				CLANG_WARN_OBJC_ROOT_CLASS = YES_ERROR;
				CLANG_WARN_QUOTED_INCLUDE_IN_FRAMEWORK_HEADER = YES;
				CLANG_WARN_RANGE_LOOP_ANALYSIS = YES;
				CLANG_WARN_STRICT_PROTOTYPES = YES;
				CLANG_WARN_SUSPICIOUS_MOVE = YES;
				CLANG_WARN_UNGUARDED_AVAILABILITY = YES_AGGRESSIVE;
				CLANG_WARN_UNREACHABLE_CODE = YES;
				CLANG_WARN__DUPLICATE_METHOD_MATCH = YES;
				COPY_PHASE_STRIP = NO;
				DEBUG_INFORMATION_FORMAT = "dwarf-with-dsym";
				ENABLE_NS_ASSERTIONS = NO;
				ENABLE_STRICT_OBJC_MSGSEND = YES;
				GCC_C_LANGUAGE_STANDARD = gnu11;
				GCC_NO_COMMON_BLOCKS = YES;
				GCC_WARN_64_TO_32_BIT_CONVERSION = YES;
				GCC_WARN_ABOUT_RETURN_TYPE = YES_ERROR;
				GCC_WARN_UNDECLARED_SELECTOR = YES;
				GCC_WARN_UNINITIALIZED_AUTOS = YES_AGGRESSIVE;
				GCC_WARN_UNUSED_FUNCTION = YES;
				GCC_WARN_UNUSED_VARIABLE = YES;
				IPHONEOS_DEPLOYMENT_TARGET = 14.4;
				MTL_ENABLE_DEBUG_INFO = NO;
				MTL_FAST_MATH = YES;
				SDKROOT = iphoneos;
				SWIFT_COMPILATION_MODE = wholemodule;
				SWIFT_OPTIMIZATION_LEVEL = "-O";
				VALIDATE_PRODUCT = YES;
			};
			name = Release;
		};
		08A79B05264FDAC700DDC72A /* Debug */ = {
			isa = XCBuildConfiguration;
			buildSettings = {
				ASSETCATALOG_COMPILER_APPICON_NAME = AppIcon;
				ASSETCATALOG_COMPILER_GLOBAL_ACCENT_COLOR_NAME = AccentColor;
				CODE_SIGN_STYLE = Automatic;
				DEVELOPMENT_ASSET_PATHS = "\"AnimalCatalogue/Preview Content\"";
				ENABLE_PREVIEWS = YES;
				INFOPLIST_FILE = AnimalCatalogue/Info.plist;
				IPHONEOS_DEPLOYMENT_TARGET = 14.0;
				LD_RUNPATH_SEARCH_PATHS = (
					"$(inherited)",
					"@executable_path/Frameworks",
				);
				PRODUCT_BUNDLE_IDENTIFIER = dev.jundana.AnimalCatalogue;
				PRODUCT_NAME = "$(TARGET_NAME)";
				SWIFT_VERSION = 5.0;
				TARGETED_DEVICE_FAMILY = "1,2";
			};
			name = Debug;
		};
		08A79B06264FDAC700DDC72A /* Release */ = {
			isa = XCBuildConfiguration;
			buildSettings = {
				ASSETCATALOG_COMPILER_APPICON_NAME = AppIcon;
				ASSETCATALOG_COMPILER_GLOBAL_ACCENT_COLOR_NAME = AccentColor;
				CODE_SIGN_STYLE = Automatic;
				DEVELOPMENT_ASSET_PATHS = "\"AnimalCatalogue/Preview Content\"";
				ENABLE_PREVIEWS = YES;
				INFOPLIST_FILE = AnimalCatalogue/Info.plist;
				IPHONEOS_DEPLOYMENT_TARGET = 14.0;
				LD_RUNPATH_SEARCH_PATHS = (
					"$(inherited)",
					"@executable_path/Frameworks",
				);
				PRODUCT_BUNDLE_IDENTIFIER = dev.jundana.AnimalCatalogue;
				PRODUCT_NAME = "$(TARGET_NAME)";
				SWIFT_VERSION = 5.0;
				TARGETED_DEVICE_FAMILY = "1,2";
			};
			name = Release;
		};
/* End XCBuildConfiguration section */

/* Begin XCConfigurationList section */
		08A79AF0264FDAC500DDC72A /* Build configuration list for PBXProject "AnimalCatalogue" */ = {
			isa = XCConfigurationList;
			buildConfigurations = (
				08A79B02264FDAC700DDC72A /* Debug */,
				08A79B03264FDAC700DDC72A /* Release */,
			);
			defaultConfigurationIsVisible = 0;
			defaultConfigurationName = Release;
		};
		08A79B04264FDAC700DDC72A /* Build configuration list for PBXNativeTarget "AnimalCatalogue" */ = {
			isa = XCConfigurationList;
			buildConfigurations = (
				08A79B05264FDAC700DDC72A /* Debug */,
				08A79B06264FDAC700DDC72A /* Release */,
			);
			defaultConfigurationIsVisible = 0;
			defaultConfigurationName = Release;
		};
/* End XCConfigurationList section */
	};
	rootObject = 08A79AED264FDAC500DDC72A /* Project object */;
}
